
Microsoft Visual Studio Solution File, Format Version 12.00
# Visual Studio Version 16
VisualStudioVersion = 16.0.29025.244
MinimumVisualStudioVersion = 10.0.40219.1
Project("{FAE04EC0-301F-11D3-BF4B-00C04F79EFBC}") = "ProjetoH", "ProjetoH\ProjetoH.csproj", "{576F96D9-0A94-42F7-A7A4-BF66192F3CBA}"
EndProject
Global
	GlobalSection(SolutionConfigurationPlatforms) = preSolution
		Debug|Any CPU = Debug|Any CPU
		Release|Any CPU = Release|Any CPU
	EndGlobalSection
	GlobalSection(ProjectConfigurationPlatforms) = postSolution
		{576F96D9-0A94-42F7-A7A4-BF66192F3CBA}.Debug|Any CPU.ActiveCfg = Debug|Any CPU
		{576F96D9-0A94-42F7-A7A4-BF66192F3CBA}.Debug|Any CPU.Build.0 = Debug|Any CPU
		{576F96D9-0A94-42F7-A7A4-BF66192F3CBA}.Release|Any CPU.ActiveCfg = Release|Any CPU
		{576F96D9-0A94-42F7-A7A4-BF66192F3CBA}.Release|Any CPU.Build.0 = Release|Any CPU
	EndGlobalSection
	GlobalSection(SolutionProperties) = preSolution
		HideSolutionNode = FALSE
	EndGlobalSection
	GlobalSection(ExtensibilityGlobals) = postSolution
		SolutionGuid = {EBBFF226-DE22-44A5-9973-E606BA497B71}
	EndGlobalSection
EndGlobal
